// !$*UTF8*$!
{
	archiveVersion = 1;
	classes = {
	};
	objectVersion = 48;
	objects = {

/* Begin PBXBuildFile section */
		92E485D8569B6576B4B8E53A /* Pods_AwayGame.framework in Frameworks */ = {isa = PBXBuildFile; fileRef = FD86D8DB69F99BDD0F42CF35 /* Pods_AwayGame.framework */; };
		CB4BB7D720A0DC8E00F756D3 /* AppDelegate.swift in Sources */ = {isa = PBXBuildFile; fileRef = CB4BB7D620A0DC8E00F756D3 /* AppDelegate.swift */; };
		CB4BB7D920A0DC8E00F756D3 /* ViewController.swift in Sources */ = {isa = PBXBuildFile; fileRef = CB4BB7D820A0DC8E00F756D3 /* ViewController.swift */; };
		CB4BB7DC20A0DC8E00F756D3 /* Main.storyboard in Resources */ = {isa = PBXBuildFile; fileRef = CB4BB7DA20A0DC8E00F756D3 /* Main.storyboard */; };
		CB4BB7DE20A0DC8E00F756D3 /* Assets.xcassets in Resources */ = {isa = PBXBuildFile; fileRef = CB4BB7DD20A0DC8E00F756D3 /* Assets.xcassets */; };
		CB4BB7E120A0DC8E00F756D3 /* LaunchScreen.storyboard in Resources */ = {isa = PBXBuildFile; fileRef = CB4BB7DF20A0DC8E00F756D3 /* LaunchScreen.storyboard */; };
		CB4BB7EC20A0E11100F756D3 /* GoogleService-Info.plist in Resources */ = {isa = PBXBuildFile; fileRef = CB4BB7EB20A0E11100F756D3 /* GoogleService-Info.plist */; };
/* End PBXBuildFile section */

/* Begin PBXFileReference section */
		28AF8AA9864EEC04093B98D2 /* Pods-AwayGame.release.xcconfig */ = {isa = PBXFileReference; includeInIndex = 1; lastKnownFileType = text.xcconfig; name = "Pods-AwayGame.release.xcconfig"; path = "Pods/Target Support Files/Pods-AwayGame/Pods-AwayGame.release.xcconfig"; sourceTree = "<group>"; };
		BC0FA84464268D0D4AF996AD /* Pods-AwayGame.debug.xcconfig */ = {isa = PBXFileReference; includeInIndex = 1; lastKnownFileType = text.xcconfig; name = "Pods-AwayGame.debug.xcconfig"; path = "Pods/Target Support Files/Pods-AwayGame/Pods-AwayGame.debug.xcconfig"; sourceTree = "<group>"; };
		CB4BB7D320A0DC8E00F756D3 /* AwayGame.app */ = {isa = PBXFileReference; explicitFileType = wrapper.application; includeInIndex = 0; path = AwayGame.app; sourceTree = BUILT_PRODUCTS_DIR; };
		CB4BB7D620A0DC8E00F756D3 /* AppDelegate.swift */ = {isa = PBXFileReference; lastKnownFileType = sourcecode.swift; path = AppDelegate.swift; sourceTree = "<group>"; };
		CB4BB7D820A0DC8E00F756D3 /* ViewController.swift */ = {isa = PBXFileReference; lastKnownFileType = sourcecode.swift; path = ViewController.swift; sourceTree = "<group>"; };
		CB4BB7DB20A0DC8E00F756D3 /* Base */ = {isa = PBXFileReference; lastKnownFileType = file.storyboard; name = Base; path = Base.lproj/Main.storyboard; sourceTree = "<group>"; };
		CB4BB7DD20A0DC8E00F756D3 /* Assets.xcassets */ = {isa = PBXFileReference; lastKnownFileType = folder.assetcatalog; path = Assets.xcassets; sourceTree = "<group>"; };
		CB4BB7E020A0DC8E00F756D3 /* Base */ = {isa = PBXFileReference; lastKnownFileType = file.storyboard; name = Base; path = Base.lproj/LaunchScreen.storyboard; sourceTree = "<group>"; };
		CB4BB7E220A0DC8E00F756D3 /* Info.plist */ = {isa = PBXFileReference; lastKnownFileType = text.plist.xml; path = Info.plist; sourceTree = "<group>"; };
		CB4BB7EB20A0E11100F756D3 /* GoogleService-Info.plist */ = {isa = PBXFileReference; fileEncoding = 4; lastKnownFileType = text.plist.xml; path = "GoogleService-Info.plist"; sourceTree = "<group>"; };
		FD86D8DB69F99BDD0F42CF35 /* Pods_AwayGame.framework */ = {isa = PBXFileReference; explicitFileType = wrapper.framework; includeInIndex = 0; path = Pods_AwayGame.framework; sourceTree = BUILT_PRODUCTS_DIR; };
/* End PBXFileReference section */

/* Begin PBXFrameworksBuildPhase section */
		CB4BB7D020A0DC8E00F756D3 /* Frameworks */ = {
			isa = PBXFrameworksBuildPhase;
			buildActionMask = 2147483647;
			files = (
				92E485D8569B6576B4B8E53A /* Pods_AwayGame.framework in Frameworks */,
			);
			runOnlyForDeploymentPostprocessing = 0;
		};
/* End PBXFrameworksBuildPhase section */

/* Begin PBXGroup section */
		3C1D90F7EAAB49461361D163 /* Pods */ = {
			isa = PBXGroup;
			children = (
				BC0FA84464268D0D4AF996AD /* Pods-AwayGame.debug.xcconfig */,
				28AF8AA9864EEC04093B98D2 /* Pods-AwayGame.release.xcconfig */,
			);
			name = Pods;
			sourceTree = "<group>";
		};
		7BE8968D6C9DF322F0C98F58 /* Frameworks */ = {
			isa = PBXGroup;
			children = (
				FD86D8DB69F99BDD0F42CF35 /* Pods_AwayGame.framework */,
			);
			name = Frameworks;
			sourceTree = "<group>";
		};
		CB4BB7CA20A0DC8E00F756D3 = {
			isa = PBXGroup;
			children = (
				CB4BB7D520A0DC8E00F756D3 /* AwayGame */,
				CB4BB7D420A0DC8E00F756D3 /* Products */,
				3C1D90F7EAAB49461361D163 /* Pods */,
				7BE8968D6C9DF322F0C98F58 /* Frameworks */,
			);
			sourceTree = "<group>";
		};
		CB4BB7D420A0DC8E00F756D3 /* Products */ = {
			isa = PBXGroup;
			children = (
				CB4BB7D320A0DC8E00F756D3 /* AwayGame.app */,
			);
			name = Products;
			sourceTree = "<group>";
		};
		CB4BB7D520A0DC8E00F756D3 /* AwayGame */ = {
			isa = PBXGroup;
			children = (
				CB4BB7EA20A0DCD700F756D3 /* Model */,
				CB4BB7E920A0DCD300F756D3 /* View */,
				CB4BB7E820A0DCCA00F756D3 /* Controller */,
				CB4BB7D620A0DC8E00F756D3 /* AppDelegate.swift */,
				CB4BB7D820A0DC8E00F756D3 /* ViewController.swift */,
				CB4BB7DA20A0DC8E00F756D3 /* Main.storyboard */,
				CB4BB7DD20A0DC8E00F756D3 /* Assets.xcassets */,
				CB4BB7DF20A0DC8E00F756D3 /* LaunchScreen.storyboard */,
				CB4BB7EB20A0E11100F756D3 /* GoogleService-Info.plist */,
				CB4BB7E220A0DC8E00F756D3 /* Info.plist */,
			);
			path = AwayGame;
			sourceTree = "<group>";
		};
		CB4BB7E820A0DCCA00F756D3 /* Controller */ = {
			isa = PBXGroup;
			children = (
			);
			path = Controller;
			sourceTree = "<group>";
		};
		CB4BB7E920A0DCD300F756D3 /* View */ = {
			isa = PBXGroup;
			children = (
			);
			path = View;
			sourceTree = "<group>";
		};
		CB4BB7EA20A0DCD700F756D3 /* Model */ = {
			isa = PBXGroup;
			children = (
			);
			path = Model;
			sourceTree = "<group>";
		};
/* End PBXGroup section */

/* Begin PBXNativeTarget section */
		CB4BB7D220A0DC8E00F756D3 /* AwayGame */ = {
			isa = PBXNativeTarget;
			buildConfigurationList = CB4BB7E520A0DC8E00F756D3 /* Build configuration list for PBXNativeTarget "AwayGame" */;
			buildPhases = (
				1F5FBD0BB69E956013B658AC /* [CP] Check Pods Manifest.lock */,
				CB4BB7CF20A0DC8E00F756D3 /* Sources */,
				CB4BB7D020A0DC8E00F756D3 /* Frameworks */,
				CB4BB7D120A0DC8E00F756D3 /* Resources */,
				B7882D693548D4FE23D2B3AD /* [CP] Embed Pods Frameworks */,
			);
			buildRules = (
			);
			dependencies = (
			);
			name = AwayGame;
			productName = AwayGame;
			productReference = CB4BB7D320A0DC8E00F756D3 /* AwayGame.app */;
			productType = "com.apple.product-type.application";
		};
/* End PBXNativeTarget section */

/* Begin PBXProject section */
		CB4BB7CB20A0DC8E00F756D3 /* Project object */ = {
			isa = PBXProject;
			attributes = {
				LastSwiftUpdateCheck = 0920;
				LastUpgradeCheck = 0920;
				ORGANIZATIONNAME = AwayGame;
				TargetAttributes = {
					CB4BB7D220A0DC8E00F756D3 = {
						CreatedOnToolsVersion = 9.2;
						ProvisioningStyle = Automatic;
					};
				};
			};
			buildConfigurationList = CB4BB7CE20A0DC8E00F756D3 /* Build configuration list for PBXProject "AwayGame" */;
			compatibilityVersion = "Xcode 8.0";
			developmentRegion = en;
			hasScannedForEncodings = 0;
			knownRegions = (
				en,
				Base,
			);
			mainGroup = CB4BB7CA20A0DC8E00F756D3;
			productRefGroup = CB4BB7D420A0DC8E00F756D3 /* Products */;
			projectDirPath = "";
			projectRoot = "";
			targets = (
				CB4BB7D220A0DC8E00F756D3 /* AwayGame */,
			);
		};
/* End PBXProject section */

/* Begin PBXResourcesBuildPhase section */
		CB4BB7D120A0DC8E00F756D3 /* Resources */ = {
			isa = PBXResourcesBuildPhase;
			buildActionMask = 2147483647;
			files = (
				CB4BB7E120A0DC8E00F756D3 /* LaunchScreen.storyboard in Resources */,
				CB4BB7EC20A0E11100F756D3 /* GoogleService-Info.plist in Resources */,
				CB4BB7DE20A0DC8E00F756D3 /* Assets.xcassets in Resources */,
				CB4BB7DC20A0DC8E00F756D3 /* Main.storyboard in Resources */,
			);
			runOnlyForDeploymentPostprocessing = 0;
		};
/* End PBXResourcesBuildPhase section */

/* Begin PBXShellScriptBuildPhase section */
		1F5FBD0BB69E956013B658AC /* [CP] Check Pods Manifest.lock */ = {
			isa = PBXShellScriptBuildPhase;
			buildActionMask = 2147483647;
			files = (
			);
			inputPaths = (
				"${PODS_PODFILE_DIR_PATH}/Podfile.lock",
				"${PODS_ROOT}/Manifest.lock",
			);
			name = "[CP] Check Pods Manifest.lock";
			outputPaths = (
				"$(DERIVED_FILE_DIR)/Pods-AwayGame-checkManifestLockResult.txt",
			);
			runOnlyForDeploymentPostprocessing = 0;
			shellPath = /bin/sh;
			shellScript = "diff \"${PODS_PODFILE_DIR_PATH}/Podfile.lock\" \"${PODS_ROOT}/Manifest.lock\" > /dev/null\nif [ $? != 0 ] ; then\n    # print error to STDERR\n    echo \"error: The sandbox is not in sync with the Podfile.lock. Run 'pod install' or update your CocoaPods installation.\" >&2\n    exit 1\nfi\n# This output is used by Xcode 'outputs' to avoid re-running this script phase.\necho \"SUCCESS\" > \"${SCRIPT_OUTPUT_FILE_0}\"\n";
			showEnvVarsInLog = 0;
		};
		B7882D693548D4FE23D2B3AD /* [CP] Embed Pods Frameworks */ = {
			isa = PBXShellScriptBuildPhase;
			buildActionMask = 2147483647;
			files = (
			);
			inputPaths = (
				"${SRCROOT}/Pods/Target Support Files/Pods-AwayGame/Pods-AwayGame-frameworks.sh",
				"${BUILT_PRODUCTS_DIR}/Alamofire/Alamofire.framework",
				"${BUILT_PRODUCTS_DIR}/AlamofireObjectMapper/AlamofireObjectMapper.framework",
				"${BUILT_PRODUCTS_DIR}/BoringSSL/openssl.framework",
				"${BUILT_PRODUCTS_DIR}/GTMSessionFetcher/GTMSessionFetcher.framework",
				"${BUILT_PRODUCTS_DIR}/GoogleToolboxForMac/GoogleToolboxForMac.framework",
				"${BUILT_PRODUCTS_DIR}/Kingfisher/Kingfisher.framework",
				"${BUILT_PRODUCTS_DIR}/ObjectMapper/ObjectMapper.framework",
				"${BUILT_PRODUCTS_DIR}/Protobuf/Protobuf.framework",
				"${BUILT_PRODUCTS_DIR}/gRPC/GRPCClient.framework",
				"${BUILT_PRODUCTS_DIR}/gRPC-Core/grpc.framework",
				"${BUILT_PRODUCTS_DIR}/gRPC-ProtoRPC/ProtoRPC.framework",
				"${BUILT_PRODUCTS_DIR}/gRPC-RxLibrary/RxLibrary.framework",
				"${BUILT_PRODUCTS_DIR}/leveldb-library/leveldb.framework",
				"${BUILT_PRODUCTS_DIR}/nanopb/nanopb.framework",
			);
			name = "[CP] Embed Pods Frameworks";
			outputPaths = (
				"${TARGET_BUILD_DIR}/${FRAMEWORKS_FOLDER_PATH}/Alamofire.framework",
				"${TARGET_BUILD_DIR}/${FRAMEWORKS_FOLDER_PATH}/AlamofireObjectMapper.framework",
				"${TARGET_BUILD_DIR}/${FRAMEWORKS_FOLDER_PATH}/openssl.framework",
				"${TARGET_BUILD_DIR}/${FRAMEWORKS_FOLDER_PATH}/GTMSessionFetcher.framework",
				"${TARGET_BUILD_DIR}/${FRAMEWORKS_FOLDER_PATH}/GoogleToolboxForMac.framework",
				"${TARGET_BUILD_DIR}/${FRAMEWORKS_FOLDER_PATH}/Kingfisher.framework",
				"${TARGET_BUILD_DIR}/${FRAMEWORKS_FOLDER_PATH}/ObjectMapper.framework",
				"${TARGET_BUILD_DIR}/${FRAMEWORKS_FOLDER_PATH}/Protobuf.framework",
				"${TARGET_BUILD_DIR}/${FRAMEWORKS_FOLDER_PATH}/GRPCClient.framework",
				"${TARGET_BUILD_DIR}/${FRAMEWORKS_FOLDER_PATH}/grpc.framework",
				"${TARGET_BUILD_DIR}/${FRAMEWORKS_FOLDER_PATH}/ProtoRPC.framework",
				"${TARGET_BUILD_DIR}/${FRAMEWORKS_FOLDER_PATH}/RxLibrary.framework",
				"${TARGET_BUILD_DIR}/${FRAMEWORKS_FOLDER_PATH}/leveldb.framework",
				"${TARGET_BUILD_DIR}/${FRAMEWORKS_FOLDER_PATH}/nanopb.framework",
			);
			runOnlyForDeploymentPostprocessing = 0;
			shellPath = /bin/sh;
			shellScript = "\"${SRCROOT}/Pods/Target Support Files/Pods-AwayGame/Pods-AwayGame-frameworks.sh\"\n";
			showEnvVarsInLog = 0;
		};
/* End PBXShellScriptBuildPhase section */

/* Begin PBXSourcesBuildPhase section */
		CB4BB7CF20A0DC8E00F756D3 /* Sources */ = {
			isa = PBXSourcesBuildPhase;
			buildActionMask = 2147483647;
			files = (
				CB4BB7D920A0DC8E00F756D3 /* ViewController.swift in Sources */,
				CB4BB7D720A0DC8E00F756D3 /* AppDelegate.swift in Sources */,
			);
			runOnlyForDeploymentPostprocessing = 0;
		};
/* End PBXSourcesBuildPhase section */

/* Begin PBXVariantGroup section */
		CB4BB7DA20A0DC8E00F756D3 /* Main.storyboard */ = {
			isa = PBXVariantGroup;
			children = (
				CB4BB7DB20A0DC8E00F756D3 /* Base */,
			);
			name = Main.storyboard;
			sourceTree = "<group>";
		};
		CB4BB7DF20A0DC8E00F756D3 /* LaunchScreen.storyboard */ = {
			isa = PBXVariantGroup;
			children = (
				CB4BB7E020A0DC8E00F756D3 /* Base */,
			);
			name = LaunchScreen.storyboard;
			sourceTree = "<group>";
		};
/* End PBXVariantGroup section */

/* Begin XCBuildConfiguration section */
		CB4BB7E320A0DC8E00F756D3 /* Debug */ = {
			isa = XCBuildConfiguration;
			buildSettings = {
				ALWAYS_SEARCH_USER_PATHS = NO;
				CLANG_ANALYZER_NONNULL = YES;
				CLANG_ANALYZER_NUMBER_OBJECT_CONVERSION = YES_AGGRESSIVE;
				CLANG_CXX_LANGUAGE_STANDARD = "gnu++14";
				CLANG_CXX_LIBRARY = "libc++";
				CLANG_ENABLE_MODULES = YES;
				CLANG_ENABLE_OBJC_ARC = YES;
				CLANG_WARN_BLOCK_CAPTURE_AUTORELEASING = YES;
				CLANG_WARN_BOOL_CONVERSION = YES;
				CLANG_WARN_COMMA = YES;
				CLANG_WARN_CONSTANT_CONVERSION = YES;
				CLANG_WARN_DIRECT_OBJC_ISA_USAGE = YES_ERROR;
				CLANG_WARN_DOCUMENTATION_COMMENTS = YES;
				CLANG_WARN_EMPTY_BODY = YES;
				CLANG_WARN_ENUM_CONVERSION = YES;
				CLANG_WARN_INFINITE_RECURSION = YES;
				CLANG_WARN_INT_CONVERSION = YES;
				CLANG_WARN_NON_LITERAL_NULL_CONVERSION = YES;
				CLANG_WARN_OBJC_LITERAL_CONVERSION = YES;
				CLANG_WARN_OBJC_ROOT_CLASS = YES_ERROR;
				CLANG_WARN_RANGE_LOOP_ANALYSIS = YES;
				CLANG_WARN_STRICT_PROTOTYPES = YES;
				CLANG_WARN_SUSPICIOUS_MOVE = YES;
				CLANG_WARN_UNGUARDED_AVAILABILITY = YES_AGGRESSIVE;
				CLANG_WARN_UNREACHABLE_CODE = YES;
				CLANG_WARN__DUPLICATE_METHOD_MATCH = YES;
				CODE_SIGN_IDENTITY = "iPhone Developer";
				COPY_PHASE_STRIP = NO;
				DEBUG_INFORMATION_FORMAT = dwarf;
				ENABLE_STRICT_OBJC_MSGSEND = YES;
				ENABLE_TESTABILITY = YES;
				GCC_C_LANGUAGE_STANDARD = gnu11;
				GCC_DYNAMIC_NO_PIC = NO;
				GCC_NO_COMMON_BLOCKS = YES;
				GCC_OPTIMIZATION_LEVEL = 0;
				GCC_PREPROCESSOR_DEFINITIONS = (
					"DEBUG=1",
					"$(inherited)",
				);
				GCC_WARN_64_TO_32_BIT_CONVERSION = YES;
				GCC_WARN_ABOUT_RETURN_TYPE = YES_ERROR;
				GCC_WARN_UNDECLARED_SELECTOR = YES;
				GCC_WARN_UNINITIALIZED_AUTOS = YES_AGGRESSIVE;
				GCC_WARN_UNUSED_FUNCTION = YES;
				GCC_WARN_UNUSED_VARIABLE = YES;
				IPHONEOS_DEPLOYMENT_TARGET = 11.2;
				MTL_ENABLE_DEBUG_INFO = YES;
				ONLY_ACTIVE_ARCH = YES;
				SDKROOT = iphoneos;
				SWIFT_ACTIVE_COMPILATION_CONDITIONS = DEBUG;
				SWIFT_OPTIMIZATION_LEVEL = "-Onone";
			};
			name = Debug;
		};
		CB4BB7E420A0DC8E00F756D3 /* Release */ = {
			isa = XCBuildConfiguration;
			buildSettings = {
				ALWAYS_SEARCH_USER_PATHS = NO;
				CLANG_ANALYZER_NONNULL = YES;
				CLANG_ANALYZER_NUMBER_OBJECT_CONVERSION = YES_AGGRESSIVE;
				CLANG_CXX_LANGUAGE_STANDARD = "gnu++14";
				CLANG_CXX_LIBRARY = "libc++";
				CLANG_ENABLE_MODULES = YES;
				CLANG_ENABLE_OBJC_ARC = YES;
				CLANG_WARN_BLOCK_CAPTURE_AUTORELEASING = YES;
				CLANG_WARN_BOOL_CONVERSION = YES;
				CLANG_WARN_COMMA = YES;
				CLANG_WARN_CONSTANT_CONVERSION = YES;
				CLANG_WARN_DIRECT_OBJC_ISA_USAGE = YES_ERROR;
				CLANG_WARN_DOCUMENTATION_COMMENTS = YES;
				CLANG_WARN_EMPTY_BODY = YES;
				CLANG_WARN_ENUM_CONVERSION = YES;
				CLANG_WARN_INFINITE_RECURSION = YES;
				CLANG_WARN_INT_CONVERSION = YES;
				CLANG_WARN_NON_LITERAL_NULL_CONVERSION = YES;
				CLANG_WARN_OBJC_LITERAL_CONVERSION = YES;
				CLANG_WARN_OBJC_ROOT_CLASS = YES_ERROR;
				CLANG_WARN_RANGE_LOOP_ANALYSIS = YES;
				CLANG_WARN_STRICT_PROTOTYPES = YES;
				CLANG_WARN_SUSPICIOUS_MOVE = YES;
				CLANG_WARN_UNGUARDED_AVAILABILITY = YES_AGGRESSIVE;
				CLANG_WARN_UNREACHABLE_CODE = YES;
				CLANG_WARN__DUPLICATE_METHOD_MATCH = YES;
				CODE_SIGN_IDENTITY = "iPhone Developer";
				COPY_PHASE_STRIP = NO;
				DEBUG_INFORMATION_FORMAT = "dwarf-with-dsym";
				ENABLE_NS_ASSERTIONS = NO;
				ENABLE_STRICT_OBJC_MSGSEND = YES;
				GCC_C_LANGUAGE_STANDARD = gnu11;
				GCC_NO_COMMON_BLOCKS = YES;
				GCC_WARN_64_TO_32_BIT_CONVERSION = YES;
				GCC_WARN_ABOUT_RETURN_TYPE = YES_ERROR;
				GCC_WARN_UNDECLARED_SELECTOR = YES;
				GCC_WARN_UNINITIALIZED_AUTOS = YES_AGGRESSIVE;
				GCC_WARN_UNUSED_FUNCTION = YES;
				GCC_WARN_UNUSED_VARIABLE = YES;
				IPHONEOS_DEPLOYMENT_TARGET = 11.2;
				MTL_ENABLE_DEBUG_INFO = NO;
				SDKROOT = iphoneos;
				SWIFT_OPTIMIZATION_LEVEL = "-Owholemodule";
				VALIDATE_PRODUCT = YES;
			};
			name = Release;
		};
		CB4BB7E620A0DC8E00F756D3 /* Debug */ = {
			isa = XCBuildConfiguration;
			baseConfigurationReference = BC0FA84464268D0D4AF996AD /* Pods-AwayGame.debug.xcconfig */;
			buildSettings = {
				ASSETCATALOG_COMPILER_APPICON_NAME = AppIcon;
				CODE_SIGN_STYLE = Automatic;
				INFOPLIST_FILE = AwayGame/Info.plist;
				IPHONEOS_DEPLOYMENT_TARGET = 10.0;
				LD_RUNPATH_SEARCH_PATHS = "$(inherited) @executable_path/Frameworks";
				PRODUCT_BUNDLE_IDENTIFIER = com.AwayGame.AwayGame;
				PRODUCT_NAME = "$(TARGET_NAME)";
				SWIFT_VERSION = 4.0;
				TARGETED_DEVICE_FAMILY = "1,2";
			};
			name = Debug;
		};
		CB4BB7E720A0DC8E00F756D3 /* Release */ = {
			isa = XCBuildConfiguration;
			baseConfigurationReference = 28AF8AA9864EEC04093B98D2 /* Pods-AwayGame.release.xcconfig */;
			buildSettings = {
				ASSETCATALOG_COMPILER_APPICON_NAME = AppIcon;
				CODE_SIGN_STYLE = Automatic;
				INFOPLIST_FILE = AwayGame/Info.plist;
				IPHONEOS_DEPLOYMENT_TARGET = 10.0;
				LD_RUNPATH_SEARCH_PATHS = "$(inherited) @executable_path/Frameworks";
				PRODUCT_BUNDLE_IDENTIFIER = com.AwayGame.AwayGame;
				PRODUCT_NAME = "$(TARGET_NAME)";
				SWIFT_VERSION = 4.0;
				TARGETED_DEVICE_FAMILY = "1,2";
			};
			name = Release;
		};
/* End XCBuildConfiguration section */

/* Begin XCConfigurationList section */
		CB4BB7CE20A0DC8E00F756D3 /* Build configuration list for PBXProject "AwayGame" */ = {
			isa = XCConfigurationList;
			buildConfigurations = (
				CB4BB7E320A0DC8E00F756D3 /* Debug */,
				CB4BB7E420A0DC8E00F756D3 /* Release */,
			);
			defaultConfigurationIsVisible = 0;
			defaultConfigurationName = Release;
		};
		CB4BB7E520A0DC8E00F756D3 /* Build configuration list for PBXNativeTarget "AwayGame" */ = {
			isa = XCConfigurationList;
			buildConfigurations = (
				CB4BB7E620A0DC8E00F756D3 /* Debug */,
				CB4BB7E720A0DC8E00F756D3 /* Release */,
			);
			defaultConfigurationIsVisible = 0;
			defaultConfigurationName = Release;
		};
/* End XCConfigurationList section */
	};
	rootObject = CB4BB7CB20A0DC8E00F756D3 /* Project object */;
}
