// !$*UTF8*$!
{
	archiveVersion = 1;
	classes = {
	};
	objectVersion = 48;
	objects = {

/* Begin PBXBuildFile section */
		92E485D8569B6576B4B8E53A /* Pods_AwayGame.framework in Frameworks */ = {isa = PBXBuildFile; fileRef = FD86D8DB69F99BDD0F42CF35 /* Pods_AwayGame.framework */; };
		AF035E0B20DA994F00DA9C95 /* PreferenceHeaderCell.swift in Sources */ = {isa = PBXBuildFile; fileRef = AF035E0A20DA994F00DA9C95 /* PreferenceHeaderCell.swift */; };
		CB20DD7720D878420028AA4B /* EmailSignupViewController.swift in Sources */ = {isa = PBXBuildFile; fileRef = CB20DD7620D878420028AA4B /* EmailSignupViewController.swift */; };
		CB20DD7920D878AD0028AA4B /* Signup.storyboard in Resources */ = {isa = PBXBuildFile; fileRef = CB20DD7820D878AD0028AA4B /* Signup.storyboard */; };
		CB4BB7D720A0DC8E00F756D3 /* AppDelegate.swift in Sources */ = {isa = PBXBuildFile; fileRef = CB4BB7D620A0DC8E00F756D3 /* AppDelegate.swift */; };
		CB4BB7D920A0DC8E00F756D3 /* HomeTableViewController.swift in Sources */ = {isa = PBXBuildFile; fileRef = CB4BB7D820A0DC8E00F756D3 /* HomeTableViewController.swift */; };
		CB4BB7DE20A0DC8E00F756D3 /* Assets.xcassets in Resources */ = {isa = PBXBuildFile; fileRef = CB4BB7DD20A0DC8E00F756D3 /* Assets.xcassets */; };
		CB4BB7E120A0DC8E00F756D3 /* LaunchScreen.storyboard in Resources */ = {isa = PBXBuildFile; fileRef = CB4BB7DF20A0DC8E00F756D3 /* LaunchScreen.storyboard */; };
		CB4BB7EC20A0E11100F756D3 /* GoogleService-Info.plist in Resources */ = {isa = PBXBuildFile; fileRef = CB4BB7EB20A0E11100F756D3 /* GoogleService-Info.plist */; };
		CB4BB7F020A0F5B100F756D3 /* Itinerary.swift in Sources */ = {isa = PBXBuildFile; fileRef = CB4BB7EF20A0F5B100F756D3 /* Itinerary.swift */; };
		CB4BB7F220A0F5DA00F756D3 /* Activity.swift in Sources */ = {isa = PBXBuildFile; fileRef = CB4BB7F120A0F5DA00F756D3 /* Activity.swift */; };
		CB4BB7F420A1042B00F756D3 /* CreateTripCell.swift in Sources */ = {isa = PBXBuildFile; fileRef = CB4BB7F320A1042B00F756D3 /* CreateTripCell.swift */; };
		CB4BB7F620A1046900F756D3 /* SavedTripCell.swift in Sources */ = {isa = PBXBuildFile; fileRef = CB4BB7F520A1046900F756D3 /* SavedTripCell.swift */; };
		CB4BB7FD20A1099600F756D3 /* LoginViewController.swift in Sources */ = {isa = PBXBuildFile; fileRef = CB4BB7FC20A1099600F756D3 /* LoginViewController.swift */; };
		CB4BB7FF20A109AC00F756D3 /* EmailLoginViewController.swift in Sources */ = {isa = PBXBuildFile; fileRef = CB4BB7FE20A109AB00F756D3 /* EmailLoginViewController.swift */; };
		CB4BB80120A109D600F756D3 /* SearchViewController.swift in Sources */ = {isa = PBXBuildFile; fileRef = CB4BB80020A109D600F756D3 /* SearchViewController.swift */; };
		CB4BB80320A109F100F756D3 /* ResultsTableViewController.swift in Sources */ = {isa = PBXBuildFile; fileRef = CB4BB80220A109F100F756D3 /* ResultsTableViewController.swift */; };
		CB4BB80A20A10A6800F756D3 /* ActivityCell.swift in Sources */ = {isa = PBXBuildFile; fileRef = CB4BB80920A10A6800F756D3 /* ActivityCell.swift */; };
		CB4BB81320A207EF00F756D3 /* Theme.swift in Sources */ = {isa = PBXBuildFile; fileRef = CB4BB81220A207EF00F756D3 /* Theme.swift */; };
		CB57BD9920AC943A004FEE89 /* SectionHeaderCell.swift in Sources */ = {isa = PBXBuildFile; fileRef = CB57BD9820AC943A004FEE89 /* SectionHeaderCell.swift */; };
		CB57BD9B20AC97DA004FEE89 /* MoreCell.swift in Sources */ = {isa = PBXBuildFile; fileRef = CB57BD9A20AC97DA004FEE89 /* MoreCell.swift */; };
		CB57BD9D20ACA354004FEE89 /* Router.swift in Sources */ = {isa = PBXBuildFile; fileRef = CB57BD9C20ACA354004FEE89 /* Router.swift */; };
		CB57BD9F20ACA36C004FEE89 /* AwayGameAPI.swift in Sources */ = {isa = PBXBuildFile; fileRef = CB57BD9E20ACA36C004FEE89 /* AwayGameAPI.swift */; };
		CB57BDA320ADE877004FEE89 /* UserDefaults+FirstLaunch.swift in Sources */ = {isa = PBXBuildFile; fileRef = CB57BDA220ADE877004FEE89 /* UserDefaults+FirstLaunch.swift */; };
		CB57BDA820B50530004FEE89 /* UserPreferences.swift in Sources */ = {isa = PBXBuildFile; fileRef = CB57BDA720B50530004FEE89 /* UserPreferences.swift */; };
		CB62238820C031E500690031 /* ActivityCollectionViewCell.swift in Sources */ = {isa = PBXBuildFile; fileRef = CB62238720C031E500690031 /* ActivityCollectionViewCell.swift */; };
		CB709D8E20D0874D00EA7C81 /* TripHeaderCell.swift in Sources */ = {isa = PBXBuildFile; fileRef = CB709D8D20D0874D00EA7C81 /* TripHeaderCell.swift */; };
		CB709D9020D0903C00EA7C81 /* TicketmasterImage.swift in Sources */ = {isa = PBXBuildFile; fileRef = CB709D8F20D0903C00EA7C81 /* TicketmasterImage.swift */; };
		CB709D9620D5519000EA7C81 /* ActivityImageTableViewCell.swift in Sources */ = {isa = PBXBuildFile; fileRef = CB709D9520D5519000EA7C81 /* ActivityImageTableViewCell.swift */; };
		CB709D9820D551A000EA7C81 /* ActivityDescriptionTableViewCell.swift in Sources */ = {isa = PBXBuildFile; fileRef = CB709D9720D551A000EA7C81 /* ActivityDescriptionTableViewCell.swift */; };
		CB709D9A20D551BB00EA7C81 /* ActivityDateTimeTableViewCell.swift in Sources */ = {isa = PBXBuildFile; fileRef = CB709D9920D551BB00EA7C81 /* ActivityDateTimeTableViewCell.swift */; };
		CB709D9C20D551CB00EA7C81 /* ActivityRatingTableViewCell.swift in Sources */ = {isa = PBXBuildFile; fileRef = CB709D9B20D551CB00EA7C81 /* ActivityRatingTableViewCell.swift */; };
		CB709D9E20D551DA00EA7C81 /* ActivityMapsTableViewCell.swift in Sources */ = {isa = PBXBuildFile; fileRef = CB709D9D20D551DA00EA7C81 /* ActivityMapsTableViewCell.swift */; };
		CB709DA120D569B800EA7C81 /* Trip.storyboard in Resources */ = {isa = PBXBuildFile; fileRef = CB709DA020D569B800EA7C81 /* Trip.storyboard */; };
		CB709DA520D569CA00EA7C81 /* Activity.storyboard in Resources */ = {isa = PBXBuildFile; fileRef = CB709DA420D569CA00EA7C81 /* Activity.storyboard */; };
		CB709DA720D569F300EA7C81 /* Preferences.storyboard in Resources */ = {isa = PBXBuildFile; fileRef = CB709DA620D569F300EA7C81 /* Preferences.storyboard */; };
		CB709DA920D56A0B00EA7C81 /* Groups.storyboard in Resources */ = {isa = PBXBuildFile; fileRef = CB709DA820D56A0B00EA7C81 /* Groups.storyboard */; };
		CB709DAB20D56A1900EA7C81 /* Results.storyboard in Resources */ = {isa = PBXBuildFile; fileRef = CB709DAA20D56A1900EA7C81 /* Results.storyboard */; };
		CB709DAD20D56A2600EA7C81 /* Search.storyboard in Resources */ = {isa = PBXBuildFile; fileRef = CB709DAC20D56A2600EA7C81 /* Search.storyboard */; };
		CB709DB220D56AE400EA7C81 /* About.storyboard in Resources */ = {isa = PBXBuildFile; fileRef = CB709DB120D56AE400EA7C81 /* About.storyboard */; };
		CB709DB720D56B8800EA7C81 /* Login.storyboard in Resources */ = {isa = PBXBuildFile; fileRef = CB709DB620D56B8800EA7C81 /* Login.storyboard */; };
		CB709DC320D5799D00EA7C81 /* TripStub.swift in Sources */ = {isa = PBXBuildFile; fileRef = CB709DC220D5799D00EA7C81 /* TripStub.swift */; };
		CB709DC520D5875500EA7C81 /* HomeTableViewController+FirebaseSubscription.swift in Sources */ = {isa = PBXBuildFile; fileRef = CB709DC420D5875500EA7C81 /* HomeTableViewController+FirebaseSubscription.swift */; };
		CB709DC720D58F4900EA7C81 /* NoSavedTripsCell.swift in Sources */ = {isa = PBXBuildFile; fileRef = CB709DC620D58F4900EA7C81 /* NoSavedTripsCell.swift */; };
		CB709DC920D5C4DC00EA7C81 /* ProfileImageView.swift in Sources */ = {isa = PBXBuildFile; fileRef = CB709DC820D5C4DC00EA7C81 /* ProfileImageView.swift */; };
		CB765ABB20BF6D8400912B51 /* TripViewController.swift in Sources */ = {isa = PBXBuildFile; fileRef = CB765ABA20BF6D8400912B51 /* TripViewController.swift */; };
		CB765ABD20BF6DA300912B51 /* ItineraryTableViewController.swift in Sources */ = {isa = PBXBuildFile; fileRef = CB765ABC20BF6DA300912B51 /* ItineraryTableViewController.swift */; };
		CB765ABF20BF6DBF00912B51 /* ActivityTableViewController.swift in Sources */ = {isa = PBXBuildFile; fileRef = CB765ABE20BF6DBF00912B51 /* ActivityTableViewController.swift */; };
		CB8A9A4520C8C88D00A9E354 /* Review.swift in Sources */ = {isa = PBXBuildFile; fileRef = CB8A9A4420C8C88D00A9E354 /* Review.swift */; };
		CBADC0B920BE6727007A7A95 /* NextButtonCollectionCell.swift in Sources */ = {isa = PBXBuildFile; fileRef = CBADC0B820BE6727007A7A95 /* NextButtonCollectionCell.swift */; };
		CBCE1B9820B7D5A40010967E /* Constants.swift in Sources */ = {isa = PBXBuildFile; fileRef = CBCE1B9720B7D5A40010967E /* Constants.swift */; };
		CBCE1B9B20B9162C0010967E /* GroupTableViewController.swift in Sources */ = {isa = PBXBuildFile; fileRef = CBCE1B9A20B9162C0010967E /* GroupTableViewController.swift */; };
		CBCE1B9D20B91CB50010967E /* GroupTableViewCell.swift in Sources */ = {isa = PBXBuildFile; fileRef = CBCE1B9C20B91CB50010967E /* GroupTableViewCell.swift */; };
		CBCE1B9F20BA5A4D0010967E /* SettingsViewController.swift in Sources */ = {isa = PBXBuildFile; fileRef = CBCE1B9E20BA5A4D0010967E /* SettingsViewController.swift */; };
		CBCE1BA120BA5A840010967E /* Settings.storyboard in Resources */ = {isa = PBXBuildFile; fileRef = CBCE1BA020BA5A840010967E /* Settings.storyboard */; };
		CBCE1BA320BB17A80010967E /* TripRequest.swift in Sources */ = {isa = PBXBuildFile; fileRef = CBCE1BA220BB17A80010967E /* TripRequest.swift */; };
		CBF4136B20A490160038340F /* NavigationHelper.swift in Sources */ = {isa = PBXBuildFile; fileRef = CBF4136A20A490160038340F /* NavigationHelper.swift */; };
		CBF4137020A49A6A0038340F /* SearchTeamCell.swift in Sources */ = {isa = PBXBuildFile; fileRef = CBF4136F20A49A6A0038340F /* SearchTeamCell.swift */; };
		CBF4137620A4BFBC0038340F /* NextButtonCell.swift in Sources */ = {isa = PBXBuildFile; fileRef = CBF4137520A4BFBC0038340F /* NextButtonCell.swift */; };
		CBF4137820A5ED500038340F /* Event.swift in Sources */ = {isa = PBXBuildFile; fileRef = CBF4137720A5ED500038340F /* Event.swift */; };
		CBF4137F20A5F2120038340F /* ResultsCell.swift in Sources */ = {isa = PBXBuildFile; fileRef = CBF4137E20A5F2120038340F /* ResultsCell.swift */; };
		CBF4138220A9CCBC0038340F /* PreferenceCollectionCell.swift in Sources */ = {isa = PBXBuildFile; fileRef = CBF4138120A9CCBC0038340F /* PreferenceCollectionCell.swift */; };
		CBF4138620A9CCFF0038340F /* PreferencesCollectionViewController.swift in Sources */ = {isa = PBXBuildFile; fileRef = CBF4138520A9CCFF0038340F /* PreferencesCollectionViewController.swift */; };
		CBF4138D20A9D4160038340F /* User.swift in Sources */ = {isa = PBXBuildFile; fileRef = CBF4138C20A9D4160038340F /* User.swift */; };
		CBF4138F20A9D60E0038340F /* AppLaunch.storyboard in Resources */ = {isa = PBXBuildFile; fileRef = CBF4138E20A9D60E0038340F /* AppLaunch.storyboard */; };
		CBF4139320A9D71B0038340F /* AppLaunchViewController.swift in Sources */ = {isa = PBXBuildFile; fileRef = CBF4139220A9D71B0038340F /* AppLaunchViewController.swift */; };
		CBF413A520AC82280038340F /* Trip.swift in Sources */ = {isa = PBXBuildFile; fileRef = CBF413A420AC82280038340F /* Trip.swift */; };
		FE8E69D120B5D5FD00BCED6A /* FirebaseSubscription.swift in Sources */ = {isa = PBXBuildFile; fileRef = FE8E69D020B5D5FD00BCED6A /* FirebaseSubscription.swift */; };
/* End PBXBuildFile section */

/* Begin PBXFileReference section */
		28AF8AA9864EEC04093B98D2 /* Pods-AwayGame.release.xcconfig */ = {isa = PBXFileReference; includeInIndex = 1; lastKnownFileType = text.xcconfig; name = "Pods-AwayGame.release.xcconfig"; path = "Pods/Target Support Files/Pods-AwayGame/Pods-AwayGame.release.xcconfig"; sourceTree = "<group>"; };
		AF035E0A20DA994F00DA9C95 /* PreferenceHeaderCell.swift */ = {isa = PBXFileReference; fileEncoding = 4; lastKnownFileType = sourcecode.swift; path = PreferenceHeaderCell.swift; sourceTree = "<group>"; };
		BC0FA84464268D0D4AF996AD /* Pods-AwayGame.debug.xcconfig */ = {isa = PBXFileReference; includeInIndex = 1; lastKnownFileType = text.xcconfig; name = "Pods-AwayGame.debug.xcconfig"; path = "Pods/Target Support Files/Pods-AwayGame/Pods-AwayGame.debug.xcconfig"; sourceTree = "<group>"; };
		CB20DD7620D878420028AA4B /* EmailSignupViewController.swift */ = {isa = PBXFileReference; lastKnownFileType = sourcecode.swift; path = EmailSignupViewController.swift; sourceTree = "<group>"; };
		CB20DD7820D878AD0028AA4B /* Signup.storyboard */ = {isa = PBXFileReference; lastKnownFileType = file.storyboard; path = Signup.storyboard; sourceTree = "<group>"; };
		CB4BB7D320A0DC8E00F756D3 /* AwayGame.app */ = {isa = PBXFileReference; explicitFileType = wrapper.application; includeInIndex = 0; path = AwayGame.app; sourceTree = BUILT_PRODUCTS_DIR; };
		CB4BB7D620A0DC8E00F756D3 /* AppDelegate.swift */ = {isa = PBXFileReference; lastKnownFileType = sourcecode.swift; path = AppDelegate.swift; sourceTree = "<group>"; };
		CB4BB7D820A0DC8E00F756D3 /* HomeTableViewController.swift */ = {isa = PBXFileReference; lastKnownFileType = sourcecode.swift; path = HomeTableViewController.swift; sourceTree = "<group>"; };
		CB4BB7DD20A0DC8E00F756D3 /* Assets.xcassets */ = {isa = PBXFileReference; lastKnownFileType = folder.assetcatalog; path = Assets.xcassets; sourceTree = "<group>"; };
		CB4BB7E020A0DC8E00F756D3 /* Base */ = {isa = PBXFileReference; lastKnownFileType = file.storyboard; name = Base; path = Base.lproj/LaunchScreen.storyboard; sourceTree = "<group>"; };
		CB4BB7E220A0DC8E00F756D3 /* Info.plist */ = {isa = PBXFileReference; lastKnownFileType = text.plist.xml; path = Info.plist; sourceTree = "<group>"; };
		CB4BB7EB20A0E11100F756D3 /* GoogleService-Info.plist */ = {isa = PBXFileReference; fileEncoding = 4; lastKnownFileType = text.plist.xml; name = "GoogleService-Info.plist"; path = "../../GoogleService-Info.plist"; sourceTree = "<group>"; };
		CB4BB7EF20A0F5B100F756D3 /* Itinerary.swift */ = {isa = PBXFileReference; lastKnownFileType = sourcecode.swift; path = Itinerary.swift; sourceTree = "<group>"; };
		CB4BB7F120A0F5DA00F756D3 /* Activity.swift */ = {isa = PBXFileReference; lastKnownFileType = sourcecode.swift; path = Activity.swift; sourceTree = "<group>"; };
		CB4BB7F320A1042B00F756D3 /* CreateTripCell.swift */ = {isa = PBXFileReference; lastKnownFileType = sourcecode.swift; path = CreateTripCell.swift; sourceTree = "<group>"; };
		CB4BB7F520A1046900F756D3 /* SavedTripCell.swift */ = {isa = PBXFileReference; lastKnownFileType = sourcecode.swift; path = SavedTripCell.swift; sourceTree = "<group>"; };
		CB4BB7FC20A1099600F756D3 /* LoginViewController.swift */ = {isa = PBXFileReference; lastKnownFileType = sourcecode.swift; path = LoginViewController.swift; sourceTree = "<group>"; };
		CB4BB7FE20A109AB00F756D3 /* EmailLoginViewController.swift */ = {isa = PBXFileReference; lastKnownFileType = sourcecode.swift; path = EmailLoginViewController.swift; sourceTree = "<group>"; };
		CB4BB80020A109D600F756D3 /* SearchViewController.swift */ = {isa = PBXFileReference; lastKnownFileType = sourcecode.swift; path = SearchViewController.swift; sourceTree = "<group>"; };
		CB4BB80220A109F100F756D3 /* ResultsTableViewController.swift */ = {isa = PBXFileReference; lastKnownFileType = sourcecode.swift; path = ResultsTableViewController.swift; sourceTree = "<group>"; };
		CB4BB80920A10A6800F756D3 /* ActivityCell.swift */ = {isa = PBXFileReference; lastKnownFileType = sourcecode.swift; path = ActivityCell.swift; sourceTree = "<group>"; };
		CB4BB81220A207EF00F756D3 /* Theme.swift */ = {isa = PBXFileReference; lastKnownFileType = sourcecode.swift; path = Theme.swift; sourceTree = "<group>"; };
		CB57BD9820AC943A004FEE89 /* SectionHeaderCell.swift */ = {isa = PBXFileReference; lastKnownFileType = sourcecode.swift; path = SectionHeaderCell.swift; sourceTree = "<group>"; };
		CB57BD9A20AC97DA004FEE89 /* MoreCell.swift */ = {isa = PBXFileReference; lastKnownFileType = sourcecode.swift; path = MoreCell.swift; sourceTree = "<group>"; };
		CB57BD9C20ACA354004FEE89 /* Router.swift */ = {isa = PBXFileReference; lastKnownFileType = sourcecode.swift; path = Router.swift; sourceTree = "<group>"; };
		CB57BD9E20ACA36C004FEE89 /* AwayGameAPI.swift */ = {isa = PBXFileReference; lastKnownFileType = sourcecode.swift; path = AwayGameAPI.swift; sourceTree = "<group>"; };
		CB57BDA220ADE877004FEE89 /* UserDefaults+FirstLaunch.swift */ = {isa = PBXFileReference; lastKnownFileType = sourcecode.swift; path = "UserDefaults+FirstLaunch.swift"; sourceTree = "<group>"; };
		CB57BDA720B50530004FEE89 /* UserPreferences.swift */ = {isa = PBXFileReference; lastKnownFileType = sourcecode.swift; path = UserPreferences.swift; sourceTree = "<group>"; };
		CB62238720C031E500690031 /* ActivityCollectionViewCell.swift */ = {isa = PBXFileReference; lastKnownFileType = sourcecode.swift; path = ActivityCollectionViewCell.swift; sourceTree = "<group>"; };
		CB709D8D20D0874D00EA7C81 /* TripHeaderCell.swift */ = {isa = PBXFileReference; lastKnownFileType = sourcecode.swift; path = TripHeaderCell.swift; sourceTree = "<group>"; };
		CB709D8F20D0903C00EA7C81 /* TicketmasterImage.swift */ = {isa = PBXFileReference; lastKnownFileType = sourcecode.swift; path = TicketmasterImage.swift; sourceTree = "<group>"; };
		CB709D9520D5519000EA7C81 /* ActivityImageTableViewCell.swift */ = {isa = PBXFileReference; lastKnownFileType = sourcecode.swift; path = ActivityImageTableViewCell.swift; sourceTree = "<group>"; };
		CB709D9720D551A000EA7C81 /* ActivityDescriptionTableViewCell.swift */ = {isa = PBXFileReference; lastKnownFileType = sourcecode.swift; path = ActivityDescriptionTableViewCell.swift; sourceTree = "<group>"; };
		CB709D9920D551BB00EA7C81 /* ActivityDateTimeTableViewCell.swift */ = {isa = PBXFileReference; lastKnownFileType = sourcecode.swift; path = ActivityDateTimeTableViewCell.swift; sourceTree = "<group>"; };
		CB709D9B20D551CB00EA7C81 /* ActivityRatingTableViewCell.swift */ = {isa = PBXFileReference; lastKnownFileType = sourcecode.swift; path = ActivityRatingTableViewCell.swift; sourceTree = "<group>"; };
		CB709D9D20D551DA00EA7C81 /* ActivityMapsTableViewCell.swift */ = {isa = PBXFileReference; lastKnownFileType = sourcecode.swift; path = ActivityMapsTableViewCell.swift; sourceTree = "<group>"; };
		CB709DA020D569B800EA7C81 /* Trip.storyboard */ = {isa = PBXFileReference; lastKnownFileType = file.storyboard; path = Trip.storyboard; sourceTree = "<group>"; };
		CB709DA420D569CA00EA7C81 /* Activity.storyboard */ = {isa = PBXFileReference; lastKnownFileType = file.storyboard; path = Activity.storyboard; sourceTree = "<group>"; };
		CB709DA620D569F300EA7C81 /* Preferences.storyboard */ = {isa = PBXFileReference; lastKnownFileType = file.storyboard; path = Preferences.storyboard; sourceTree = "<group>"; };
		CB709DA820D56A0B00EA7C81 /* Groups.storyboard */ = {isa = PBXFileReference; lastKnownFileType = file.storyboard; path = Groups.storyboard; sourceTree = "<group>"; };
		CB709DAA20D56A1900EA7C81 /* Results.storyboard */ = {isa = PBXFileReference; lastKnownFileType = file.storyboard; path = Results.storyboard; sourceTree = "<group>"; };
		CB709DAC20D56A2600EA7C81 /* Search.storyboard */ = {isa = PBXFileReference; lastKnownFileType = file.storyboard; path = Search.storyboard; sourceTree = "<group>"; };
		CB709DB120D56AE400EA7C81 /* About.storyboard */ = {isa = PBXFileReference; lastKnownFileType = file.storyboard; path = About.storyboard; sourceTree = "<group>"; };
		CB709DB620D56B8800EA7C81 /* Login.storyboard */ = {isa = PBXFileReference; lastKnownFileType = file.storyboard; path = Login.storyboard; sourceTree = "<group>"; };
		CB709DC220D5799D00EA7C81 /* TripStub.swift */ = {isa = PBXFileReference; lastKnownFileType = sourcecode.swift; path = TripStub.swift; sourceTree = "<group>"; };
		CB709DC420D5875500EA7C81 /* HomeTableViewController+FirebaseSubscription.swift */ = {isa = PBXFileReference; lastKnownFileType = sourcecode.swift; path = "HomeTableViewController+FirebaseSubscription.swift"; sourceTree = "<group>"; };
		CB709DC620D58F4900EA7C81 /* NoSavedTripsCell.swift */ = {isa = PBXFileReference; lastKnownFileType = sourcecode.swift; path = NoSavedTripsCell.swift; sourceTree = "<group>"; };
		CB709DC820D5C4DC00EA7C81 /* ProfileImageView.swift */ = {isa = PBXFileReference; lastKnownFileType = sourcecode.swift; path = ProfileImageView.swift; sourceTree = "<group>"; };
		CB765ABA20BF6D8400912B51 /* TripViewController.swift */ = {isa = PBXFileReference; lastKnownFileType = sourcecode.swift; path = TripViewController.swift; sourceTree = "<group>"; };
		CB765ABC20BF6DA300912B51 /* ItineraryTableViewController.swift */ = {isa = PBXFileReference; lastKnownFileType = sourcecode.swift; path = ItineraryTableViewController.swift; sourceTree = "<group>"; };
		CB765ABE20BF6DBF00912B51 /* ActivityTableViewController.swift */ = {isa = PBXFileReference; lastKnownFileType = sourcecode.swift; path = ActivityTableViewController.swift; sourceTree = "<group>"; };
		CB8A9A4420C8C88D00A9E354 /* Review.swift */ = {isa = PBXFileReference; lastKnownFileType = sourcecode.swift; path = Review.swift; sourceTree = "<group>"; };
		CBADC0B820BE6727007A7A95 /* NextButtonCollectionCell.swift */ = {isa = PBXFileReference; lastKnownFileType = sourcecode.swift; path = NextButtonCollectionCell.swift; sourceTree = "<group>"; };
		CBCE1B9720B7D5A40010967E /* Constants.swift */ = {isa = PBXFileReference; lastKnownFileType = sourcecode.swift; path = Constants.swift; sourceTree = "<group>"; };
		CBCE1B9A20B9162C0010967E /* GroupTableViewController.swift */ = {isa = PBXFileReference; lastKnownFileType = sourcecode.swift; path = GroupTableViewController.swift; sourceTree = "<group>"; };
		CBCE1B9C20B91CB50010967E /* GroupTableViewCell.swift */ = {isa = PBXFileReference; lastKnownFileType = sourcecode.swift; path = GroupTableViewCell.swift; sourceTree = "<group>"; };
		CBCE1B9E20BA5A4D0010967E /* SettingsViewController.swift */ = {isa = PBXFileReference; lastKnownFileType = sourcecode.swift; path = SettingsViewController.swift; sourceTree = "<group>"; };
		CBCE1BA020BA5A840010967E /* Settings.storyboard */ = {isa = PBXFileReference; lastKnownFileType = file.storyboard; path = Settings.storyboard; sourceTree = "<group>"; };
		CBCE1BA220BB17A80010967E /* TripRequest.swift */ = {isa = PBXFileReference; lastKnownFileType = sourcecode.swift; path = TripRequest.swift; sourceTree = "<group>"; };
		CBF4136A20A490160038340F /* NavigationHelper.swift */ = {isa = PBXFileReference; lastKnownFileType = sourcecode.swift; path = NavigationHelper.swift; sourceTree = "<group>"; };
		CBF4136F20A49A6A0038340F /* SearchTeamCell.swift */ = {isa = PBXFileReference; lastKnownFileType = sourcecode.swift; path = SearchTeamCell.swift; sourceTree = "<group>"; };
		CBF4137520A4BFBC0038340F /* NextButtonCell.swift */ = {isa = PBXFileReference; lastKnownFileType = sourcecode.swift; path = NextButtonCell.swift; sourceTree = "<group>"; };
		CBF4137720A5ED500038340F /* Event.swift */ = {isa = PBXFileReference; lastKnownFileType = sourcecode.swift; path = Event.swift; sourceTree = "<group>"; };
		CBF4137E20A5F2120038340F /* ResultsCell.swift */ = {isa = PBXFileReference; lastKnownFileType = sourcecode.swift; path = ResultsCell.swift; sourceTree = "<group>"; };
		CBF4138120A9CCBC0038340F /* PreferenceCollectionCell.swift */ = {isa = PBXFileReference; lastKnownFileType = sourcecode.swift; path = PreferenceCollectionCell.swift; sourceTree = "<group>"; };
		CBF4138520A9CCFF0038340F /* PreferencesCollectionViewController.swift */ = {isa = PBXFileReference; lastKnownFileType = sourcecode.swift; path = PreferencesCollectionViewController.swift; sourceTree = "<group>"; };
		CBF4138C20A9D4160038340F /* User.swift */ = {isa = PBXFileReference; lastKnownFileType = sourcecode.swift; path = User.swift; sourceTree = "<group>"; };
		CBF4138E20A9D60E0038340F /* AppLaunch.storyboard */ = {isa = PBXFileReference; lastKnownFileType = file.storyboard; path = AppLaunch.storyboard; sourceTree = "<group>"; };
		CBF4139220A9D71B0038340F /* AppLaunchViewController.swift */ = {isa = PBXFileReference; lastKnownFileType = sourcecode.swift; path = AppLaunchViewController.swift; sourceTree = "<group>"; };
		CBF413A420AC82280038340F /* Trip.swift */ = {isa = PBXFileReference; lastKnownFileType = sourcecode.swift; path = Trip.swift; sourceTree = "<group>"; };
		FD86D8DB69F99BDD0F42CF35 /* Pods_AwayGame.framework */ = {isa = PBXFileReference; explicitFileType = wrapper.framework; includeInIndex = 0; path = Pods_AwayGame.framework; sourceTree = BUILT_PRODUCTS_DIR; };
		FE8E69D020B5D5FD00BCED6A /* FirebaseSubscription.swift */ = {isa = PBXFileReference; lastKnownFileType = sourcecode.swift; path = FirebaseSubscription.swift; sourceTree = "<group>"; };
/* End PBXFileReference section */

/* Begin PBXFrameworksBuildPhase section */
		CB4BB7D020A0DC8E00F756D3 /* Frameworks */ = {
			isa = PBXFrameworksBuildPhase;
			buildActionMask = 2147483647;
			files = (
				92E485D8569B6576B4B8E53A /* Pods_AwayGame.framework in Frameworks */,
			);
			runOnlyForDeploymentPostprocessing = 0;
		};
/* End PBXFrameworksBuildPhase section */

/* Begin PBXGroup section */
		3C1D90F7EAAB49461361D163 /* Pods */ = {
			isa = PBXGroup;
			children = (
				BC0FA84464268D0D4AF996AD /* Pods-AwayGame.debug.xcconfig */,
				28AF8AA9864EEC04093B98D2 /* Pods-AwayGame.release.xcconfig */,
			);
			name = Pods;
			sourceTree = "<group>";
		};
		7BE8968D6C9DF322F0C98F58 /* Frameworks */ = {
			isa = PBXGroup;
			children = (
				FD86D8DB69F99BDD0F42CF35 /* Pods_AwayGame.framework */,
			);
			name = Frameworks;
			sourceTree = "<group>";
		};
		CB20DD7C20D88FD40028AA4B /* Preferenes */ = {
			isa = PBXGroup;
			children = (
				CBF4138520A9CCFF0038340F /* PreferencesCollectionViewController.swift */,
				CBCE1B9A20B9162C0010967E /* GroupTableViewController.swift */,
			);
			path = Preferenes;
			sourceTree = "<group>";
		};
		CB20DD7D20D88FD70028AA4B /* Results */ = {
			isa = PBXGroup;
			children = (
				CB4BB80220A109F100F756D3 /* ResultsTableViewController.swift */,
			);
			path = Results;
			sourceTree = "<group>";
		};
		CB20DD7E20D88FD90028AA4B /* Search */ = {
			isa = PBXGroup;
			children = (
				CB4BB80020A109D600F756D3 /* SearchViewController.swift */,
			);
			path = Search;
			sourceTree = "<group>";
		};
		CB20DD7F20D88FDB0028AA4B /* Home */ = {
			isa = PBXGroup;
			children = (
				CB709DC420D5875500EA7C81 /* HomeTableViewController+FirebaseSubscription.swift */,
				CB4BB7D820A0DC8E00F756D3 /* HomeTableViewController.swift */,
				CBCE1B9E20BA5A4D0010967E /* SettingsViewController.swift */,
			);
			path = Home;
			sourceTree = "<group>";
		};
		CB4BB7CA20A0DC8E00F756D3 = {
			isa = PBXGroup;
			children = (
				CB4BB7D520A0DC8E00F756D3 /* AwayGame */,
				CB4BB7D420A0DC8E00F756D3 /* Products */,
				3C1D90F7EAAB49461361D163 /* Pods */,
				7BE8968D6C9DF322F0C98F58 /* Frameworks */,
			);
			sourceTree = "<group>";
		};
		CB4BB7D420A0DC8E00F756D3 /* Products */ = {
			isa = PBXGroup;
			children = (
				CB4BB7D320A0DC8E00F756D3 /* AwayGame.app */,
			);
			name = Products;
			sourceTree = "<group>";
		};
		CB4BB7D520A0DC8E00F756D3 /* AwayGame */ = {
			isa = PBXGroup;
			children = (
				CB57BDA420B4F188004FEE89 /* AwayGameAPI */,
				CB4BB7EA20A0DCD700F756D3 /* Model */,
				CB4BB7E920A0DCD300F756D3 /* View */,
				CB4BB7E820A0DCCA00F756D3 /* Controller */,
				CB4BB7ED20A0F47100F756D3 /* Storyboards */,
				CB4BB7EE20A0F47F00F756D3 /* Theme */,
				CBF4136920A490010038340F /* Util */,
				CB4BB7D620A0DC8E00F756D3 /* AppDelegate.swift */,
				CB4BB7DD20A0DC8E00F756D3 /* Assets.xcassets */,
				CB4BB7EB20A0E11100F756D3 /* GoogleService-Info.plist */,
				CB4BB7E220A0DC8E00F756D3 /* Info.plist */,
			);
			path = AwayGame;
			sourceTree = "<group>";
		};
		CB4BB7E820A0DCCA00F756D3 /* Controller */ = {
			isa = PBXGroup;
			children = (
				CBF4139220A9D71B0038340F /* AppLaunchViewController.swift */,
				CB20DD7F20D88FDB0028AA4B /* Home */,
				CB20DD7E20D88FD90028AA4B /* Search */,
				CB20DD7D20D88FD70028AA4B /* Results */,
				CB20DD7C20D88FD40028AA4B /* Preferenes */,
				CBF4137C20A5EEE30038340F /* Login+Signup */,
				CBF4137B20A5EEC70038340F /* Trip */,
			);
			path = Controller;
			sourceTree = "<group>";
		};
		CB4BB7E920A0DCD300F756D3 /* View */ = {
			isa = PBXGroup;
			children = (
				CBADC0BA20BF6121007A7A95 /* General */,
				CB4BB7FB20A1049B00F756D3 /* Home */,
				CBF4136E20A499F50038340F /* Search */,
				CBF4137D20A5F1FB0038340F /* Results */,
				CBF4138020A9CC650038340F /* Preferences */,
				CB4BB80620A10A1100F756D3 /* Itenerary */,
				CB709D9420D5515000EA7C81 /* Activitiy */,
			);
			path = View;
			sourceTree = "<group>";
		};
		CB4BB7EA20A0DCD700F756D3 /* Model */ = {
			isa = PBXGroup;
			children = (
				CBF413A420AC82280038340F /* Trip.swift */,
				CB4BB7EF20A0F5B100F756D3 /* Itinerary.swift */,
				CB4BB7F120A0F5DA00F756D3 /* Activity.swift */,
				CB8A9A4420C8C88D00A9E354 /* Review.swift */,
				CBF4137720A5ED500038340F /* Event.swift */,
				CB709D8F20D0903C00EA7C81 /* TicketmasterImage.swift */,
				CBF4138C20A9D4160038340F /* User.swift */,
				CB57BDA720B50530004FEE89 /* UserPreferences.swift */,
				CBCE1BA220BB17A80010967E /* TripRequest.swift */,
				CB709DC220D5799D00EA7C81 /* TripStub.swift */,
			);
			path = Model;
			sourceTree = "<group>";
		};
		CB4BB7ED20A0F47100F756D3 /* Storyboards */ = {
			isa = PBXGroup;
			children = (
				CB4BB7DF20A0DC8E00F756D3 /* LaunchScreen.storyboard */,
				CBF4138E20A9D60E0038340F /* AppLaunch.storyboard */,
				CB709DB420D56B5900EA7C81 /* Login+Signup */,
				CB709DB320D56B0600EA7C81 /* UserSelection */,
				CB709DB020D56ABB00EA7C81 /* Home */,
				CB709D9F20D5699A00EA7C81 /* Trip */,
			);
			path = Storyboards;
			sourceTree = "<group>";
		};
		CB4BB7EE20A0F47F00F756D3 /* Theme */ = {
			isa = PBXGroup;
			children = (
				CB4BB81220A207EF00F756D3 /* Theme.swift */,
			);
			path = Theme;
			sourceTree = "<group>";
		};
		CB4BB7FB20A1049B00F756D3 /* Home */ = {
			isa = PBXGroup;
			children = (
				CB4BB7F320A1042B00F756D3 /* CreateTripCell.swift */,
				CB4BB7F520A1046900F756D3 /* SavedTripCell.swift */,
				CB57BD9A20AC97DA004FEE89 /* MoreCell.swift */,
				CB709DC620D58F4900EA7C81 /* NoSavedTripsCell.swift */,
				CB709DC820D5C4DC00EA7C81 /* ProfileImageView.swift */,
			);
			path = Home;
			sourceTree = "<group>";
		};
		CB4BB80620A10A1100F756D3 /* Itenerary */ = {
			isa = PBXGroup;
			children = (
				CB4BB80920A10A6800F756D3 /* ActivityCell.swift */,
				CB62238720C031E500690031 /* ActivityCollectionViewCell.swift */,
				CB709D8D20D0874D00EA7C81 /* TripHeaderCell.swift */,
			);
			path = Itenerary;
			sourceTree = "<group>";
		};
		CB57BDA420B4F188004FEE89 /* AwayGameAPI */ = {
			isa = PBXGroup;
			children = (
				CB57BD9E20ACA36C004FEE89 /* AwayGameAPI.swift */,
				CB57BD9C20ACA354004FEE89 /* Router.swift */,
			);
			path = AwayGameAPI;
			sourceTree = "<group>";
		};
		CB709D9420D5515000EA7C81 /* Activitiy */ = {
			isa = PBXGroup;
			children = (
				CB709D9520D5519000EA7C81 /* ActivityImageTableViewCell.swift */,
				CB709D9720D551A000EA7C81 /* ActivityDescriptionTableViewCell.swift */,
				CB709D9920D551BB00EA7C81 /* ActivityDateTimeTableViewCell.swift */,
				CB709D9B20D551CB00EA7C81 /* ActivityRatingTableViewCell.swift */,
				CB709D9D20D551DA00EA7C81 /* ActivityMapsTableViewCell.swift */,
			);
			path = Activitiy;
			sourceTree = "<group>";
		};
		CB709D9F20D5699A00EA7C81 /* Trip */ = {
			isa = PBXGroup;
			children = (
				CB709DA020D569B800EA7C81 /* Trip.storyboard */,
				CB709DA420D569CA00EA7C81 /* Activity.storyboard */,
			);
			path = Trip;
			sourceTree = "<group>";
		};
		CB709DB020D56ABB00EA7C81 /* Home */ = {
			isa = PBXGroup;
			children = (
				CBCE1BA020BA5A840010967E /* Settings.storyboard */,
				CB709DB120D56AE400EA7C81 /* About.storyboard */,
			);
			path = Home;
			sourceTree = "<group>";
		};
		CB709DB320D56B0600EA7C81 /* UserSelection */ = {
			isa = PBXGroup;
			children = (
				CB709DAC20D56A2600EA7C81 /* Search.storyboard */,
				CB709DAA20D56A1900EA7C81 /* Results.storyboard */,
				CB709DA820D56A0B00EA7C81 /* Groups.storyboard */,
				CB709DA620D569F300EA7C81 /* Preferences.storyboard */,
			);
			path = UserSelection;
			sourceTree = "<group>";
		};
		CB709DB420D56B5900EA7C81 /* Login+Signup */ = {
			isa = PBXGroup;
			children = (
				CB709DB620D56B8800EA7C81 /* Login.storyboard */,
				CB20DD7820D878AD0028AA4B /* Signup.storyboard */,
			);
			path = "Login+Signup";
			sourceTree = "<group>";
		};
		CBADC0BA20BF6121007A7A95 /* General */ = {
			isa = PBXGroup;
			children = (
				CB57BD9820AC943A004FEE89 /* SectionHeaderCell.swift */,
			);
			path = General;
			sourceTree = "<group>";
		};
		CBF4136920A490010038340F /* Util */ = {
			isa = PBXGroup;
			children = (
				CBF4136A20A490160038340F /* NavigationHelper.swift */,
				CBCE1B9720B7D5A40010967E /* Constants.swift */,
				CB57BDA220ADE877004FEE89 /* UserDefaults+FirstLaunch.swift */,
				FE8E69D020B5D5FD00BCED6A /* FirebaseSubscription.swift */,
			);
			path = Util;
			sourceTree = "<group>";
		};
		CBF4136E20A499F50038340F /* Search */ = {
			isa = PBXGroup;
			children = (
				CBF4136F20A49A6A0038340F /* SearchTeamCell.swift */,
			);
			path = Search;
			sourceTree = "<group>";
		};
		CBF4137B20A5EEC70038340F /* Trip */ = {
			isa = PBXGroup;
			children = (
				CB765ABA20BF6D8400912B51 /* TripViewController.swift */,
				CB765ABC20BF6DA300912B51 /* ItineraryTableViewController.swift */,
				CB765ABE20BF6DBF00912B51 /* ActivityTableViewController.swift */,
			);
			path = Trip;
			sourceTree = "<group>";
		};
		CBF4137C20A5EEE30038340F /* Login+Signup */ = {
			isa = PBXGroup;
			children = (
				CB4BB7FC20A1099600F756D3 /* LoginViewController.swift */,
				CB4BB7FE20A109AB00F756D3 /* EmailLoginViewController.swift */,
				CB20DD7620D878420028AA4B /* EmailSignupViewController.swift */,
			);
			path = "Login+Signup";
			sourceTree = "<group>";
		};
		CBF4137D20A5F1FB0038340F /* Results */ = {
			isa = PBXGroup;
			children = (
				CBF4137E20A5F2120038340F /* ResultsCell.swift */,
			);
			path = Results;
			sourceTree = "<group>";
		};
		CBF4138020A9CC650038340F /* Preferences */ = {
			isa = PBXGroup;
			children = (
				AF035E0A20DA994F00DA9C95 /* PreferenceHeaderCell.swift */,
				CBCE1B9C20B91CB50010967E /* GroupTableViewCell.swift */,
				CBF4138120A9CCBC0038340F /* PreferenceCollectionCell.swift */,
				CBF4137520A4BFBC0038340F /* NextButtonCell.swift */,
				CBADC0B820BE6727007A7A95 /* NextButtonCollectionCell.swift */,
			);
			path = Preferences;
			sourceTree = "<group>";
		};
/* End PBXGroup section */

/* Begin PBXNativeTarget section */
		CB4BB7D220A0DC8E00F756D3 /* AwayGame */ = {
			isa = PBXNativeTarget;
			buildConfigurationList = CB4BB7E520A0DC8E00F756D3 /* Build configuration list for PBXNativeTarget "AwayGame" */;
			buildPhases = (
				1F5FBD0BB69E956013B658AC /* [CP] Check Pods Manifest.lock */,
				CB4BB7CF20A0DC8E00F756D3 /* Sources */,
				CB4BB7D020A0DC8E00F756D3 /* Frameworks */,
				CB4BB7D120A0DC8E00F756D3 /* Resources */,
				B7882D693548D4FE23D2B3AD /* [CP] Embed Pods Frameworks */,
				E80FEFEB7E9A551BD7DBB80A /* [CP] Copy Pods Resources */,
			);
			buildRules = (
			);
			dependencies = (
			);
			name = AwayGame;
			productName = AwayGame;
			productReference = CB4BB7D320A0DC8E00F756D3 /* AwayGame.app */;
			productType = "com.apple.product-type.application";
		};
/* End PBXNativeTarget section */

/* Begin PBXProject section */
		CB4BB7CB20A0DC8E00F756D3 /* Project object */ = {
			isa = PBXProject;
			attributes = {
				LastSwiftUpdateCheck = 0920;
				LastUpgradeCheck = 0920;
				ORGANIZATIONNAME = AwayGame;
				TargetAttributes = {
					CB4BB7D220A0DC8E00F756D3 = {
						CreatedOnToolsVersion = 9.2;
						ProvisioningStyle = Automatic;
						SystemCapabilities = {
							com.apple.Keychain = {
								enabled = 0;
							};
						};
					};
				};
			};
			buildConfigurationList = CB4BB7CE20A0DC8E00F756D3 /* Build configuration list for PBXProject "AwayGame" */;
			compatibilityVersion = "Xcode 8.0";
			developmentRegion = en;
			hasScannedForEncodings = 0;
			knownRegions = (
				en,
				Base,
			);
			mainGroup = CB4BB7CA20A0DC8E00F756D3;
			productRefGroup = CB4BB7D420A0DC8E00F756D3 /* Products */;
			projectDirPath = "";
			projectRoot = "";
			targets = (
				CB4BB7D220A0DC8E00F756D3 /* AwayGame */,
			);
		};
/* End PBXProject section */

/* Begin PBXResourcesBuildPhase section */
		CB4BB7D120A0DC8E00F756D3 /* Resources */ = {
			isa = PBXResourcesBuildPhase;
			buildActionMask = 2147483647;
			files = (
				CB20DD7920D878AD0028AA4B /* Signup.storyboard in Resources */,
				CB709DA920D56A0B00EA7C81 /* Groups.storyboard in Resources */,
				CB4BB7E120A0DC8E00F756D3 /* LaunchScreen.storyboard in Resources */,
				CB709DB220D56AE400EA7C81 /* About.storyboard in Resources */,
				CB4BB7EC20A0E11100F756D3 /* GoogleService-Info.plist in Resources */,
				CB709DAD20D56A2600EA7C81 /* Search.storyboard in Resources */,
				CB709DA520D569CA00EA7C81 /* Activity.storyboard in Resources */,
				CB709DB720D56B8800EA7C81 /* Login.storyboard in Resources */,
				CBF4138F20A9D60E0038340F /* AppLaunch.storyboard in Resources */,
				CB709DA120D569B800EA7C81 /* Trip.storyboard in Resources */,
				CB4BB7DE20A0DC8E00F756D3 /* Assets.xcassets in Resources */,
				CB709DAB20D56A1900EA7C81 /* Results.storyboard in Resources */,
				CBCE1BA120BA5A840010967E /* Settings.storyboard in Resources */,
				CB709DA720D569F300EA7C81 /* Preferences.storyboard in Resources */,
			);
			runOnlyForDeploymentPostprocessing = 0;
		};
/* End PBXResourcesBuildPhase section */

/* Begin PBXShellScriptBuildPhase section */
		1F5FBD0BB69E956013B658AC /* [CP] Check Pods Manifest.lock */ = {
			isa = PBXShellScriptBuildPhase;
			buildActionMask = 2147483647;
			files = (
			);
			inputPaths = (
				"${PODS_PODFILE_DIR_PATH}/Podfile.lock",
				"${PODS_ROOT}/Manifest.lock",
			);
			name = "[CP] Check Pods Manifest.lock";
			outputPaths = (
				"$(DERIVED_FILE_DIR)/Pods-AwayGame-checkManifestLockResult.txt",
			);
			runOnlyForDeploymentPostprocessing = 0;
			shellPath = /bin/sh;
			shellScript = "diff \"${PODS_PODFILE_DIR_PATH}/Podfile.lock\" \"${PODS_ROOT}/Manifest.lock\" > /dev/null\nif [ $? != 0 ] ; then\n    # print error to STDERR\n    echo \"error: The sandbox is not in sync with the Podfile.lock. Run 'pod install' or update your CocoaPods installation.\" >&2\n    exit 1\nfi\n# This output is used by Xcode 'outputs' to avoid re-running this script phase.\necho \"SUCCESS\" > \"${SCRIPT_OUTPUT_FILE_0}\"\n";
			showEnvVarsInLog = 0;
		};
		B7882D693548D4FE23D2B3AD /* [CP] Embed Pods Frameworks */ = {
			isa = PBXShellScriptBuildPhase;
			buildActionMask = 2147483647;
			files = (
			);
			inputPaths = (
				"${SRCROOT}/Pods/Target Support Files/Pods-AwayGame/Pods-AwayGame-frameworks.sh",
				"${BUILT_PRODUCTS_DIR}/Alamofire/Alamofire.framework",
				"${BUILT_PRODUCTS_DIR}/AlamofireObjectMapper/AlamofireObjectMapper.framework",
				"${BUILT_PRODUCTS_DIR}/AlgoliaSearch-Client-Swift/AlgoliaSearch.framework",
				"${BUILT_PRODUCTS_DIR}/Bolts/Bolts.framework",
				"${BUILT_PRODUCTS_DIR}/BoringSSL/openssl.framework",
				"${BUILT_PRODUCTS_DIR}/FBSDKCoreKit/FBSDKCoreKit.framework",
				"${BUILT_PRODUCTS_DIR}/FBSDKLoginKit/FBSDKLoginKit.framework",
				"${BUILT_PRODUCTS_DIR}/GTMSessionFetcher/GTMSessionFetcher.framework",
				"${BUILT_PRODUCTS_DIR}/GoogleToolboxForMac/GoogleToolboxForMac.framework",
				"${BUILT_PRODUCTS_DIR}/InstantSearch-Core-Swift/InstantSearchCore.framework",
				"${BUILT_PRODUCTS_DIR}/InstantSearch-iOS/InstantSearch.framework",
				"${BUILT_PRODUCTS_DIR}/Kingfisher/Kingfisher.framework",
				"${BUILT_PRODUCTS_DIR}/NVActivityIndicatorView/NVActivityIndicatorView.framework",
				"${BUILT_PRODUCTS_DIR}/ObjectMapper/ObjectMapper.framework",
				"${BUILT_PRODUCTS_DIR}/Protobuf/Protobuf.framework",
				"${BUILT_PRODUCTS_DIR}/gRPC/GRPCClient.framework",
				"${BUILT_PRODUCTS_DIR}/gRPC-Core/grpc.framework",
				"${BUILT_PRODUCTS_DIR}/gRPC-ProtoRPC/ProtoRPC.framework",
				"${BUILT_PRODUCTS_DIR}/gRPC-RxLibrary/RxLibrary.framework",
				"${BUILT_PRODUCTS_DIR}/leveldb-library/leveldb.framework",
				"${BUILT_PRODUCTS_DIR}/nanopb/nanopb.framework",
			);
			name = "[CP] Embed Pods Frameworks";
			outputPaths = (
				"${TARGET_BUILD_DIR}/${FRAMEWORKS_FOLDER_PATH}/Alamofire.framework",
				"${TARGET_BUILD_DIR}/${FRAMEWORKS_FOLDER_PATH}/AlamofireObjectMapper.framework",
				"${TARGET_BUILD_DIR}/${FRAMEWORKS_FOLDER_PATH}/AlgoliaSearch.framework",
				"${TARGET_BUILD_DIR}/${FRAMEWORKS_FOLDER_PATH}/Bolts.framework",
				"${TARGET_BUILD_DIR}/${FRAMEWORKS_FOLDER_PATH}/openssl.framework",
				"${TARGET_BUILD_DIR}/${FRAMEWORKS_FOLDER_PATH}/FBSDKCoreKit.framework",
				"${TARGET_BUILD_DIR}/${FRAMEWORKS_FOLDER_PATH}/FBSDKLoginKit.framework",
				"${TARGET_BUILD_DIR}/${FRAMEWORKS_FOLDER_PATH}/GTMSessionFetcher.framework",
				"${TARGET_BUILD_DIR}/${FRAMEWORKS_FOLDER_PATH}/GoogleToolboxForMac.framework",
				"${TARGET_BUILD_DIR}/${FRAMEWORKS_FOLDER_PATH}/InstantSearchCore.framework",
				"${TARGET_BUILD_DIR}/${FRAMEWORKS_FOLDER_PATH}/InstantSearch.framework",
				"${TARGET_BUILD_DIR}/${FRAMEWORKS_FOLDER_PATH}/Kingfisher.framework",
				"${TARGET_BUILD_DIR}/${FRAMEWORKS_FOLDER_PATH}/NVActivityIndicatorView.framework",
				"${TARGET_BUILD_DIR}/${FRAMEWORKS_FOLDER_PATH}/ObjectMapper.framework",
				"${TARGET_BUILD_DIR}/${FRAMEWORKS_FOLDER_PATH}/Protobuf.framework",
				"${TARGET_BUILD_DIR}/${FRAMEWORKS_FOLDER_PATH}/GRPCClient.framework",
				"${TARGET_BUILD_DIR}/${FRAMEWORKS_FOLDER_PATH}/grpc.framework",
				"${TARGET_BUILD_DIR}/${FRAMEWORKS_FOLDER_PATH}/ProtoRPC.framework",
				"${TARGET_BUILD_DIR}/${FRAMEWORKS_FOLDER_PATH}/RxLibrary.framework",
				"${TARGET_BUILD_DIR}/${FRAMEWORKS_FOLDER_PATH}/leveldb.framework",
				"${TARGET_BUILD_DIR}/${FRAMEWORKS_FOLDER_PATH}/nanopb.framework",
			);
			runOnlyForDeploymentPostprocessing = 0;
			shellPath = /bin/sh;
			shellScript = "\"${SRCROOT}/Pods/Target Support Files/Pods-AwayGame/Pods-AwayGame-frameworks.sh\"\n";
			showEnvVarsInLog = 0;
		};
		E80FEFEB7E9A551BD7DBB80A /* [CP] Copy Pods Resources */ = {
			isa = PBXShellScriptBuildPhase;
			buildActionMask = 2147483647;
			files = (
			);
			inputPaths = (
				"${SRCROOT}/Pods/Target Support Files/Pods-AwayGame/Pods-AwayGame-resources.sh",
				"${PODS_ROOT}/TwitterKit/iOS/TwitterKit.framework/TwitterKitResources.bundle",
				"${PODS_ROOT}/TwitterKit/iOS/TwitterKit.framework/TwitterShareExtensionUIResources.bundle",
			);
			name = "[CP] Copy Pods Resources";
			outputPaths = (
				"${TARGET_BUILD_DIR}/${UNLOCALIZED_RESOURCES_FOLDER_PATH}/TwitterKitResources.bundle",
				"${TARGET_BUILD_DIR}/${UNLOCALIZED_RESOURCES_FOLDER_PATH}/TwitterShareExtensionUIResources.bundle",
			);
			runOnlyForDeploymentPostprocessing = 0;
			shellPath = /bin/sh;
			shellScript = "\"${SRCROOT}/Pods/Target Support Files/Pods-AwayGame/Pods-AwayGame-resources.sh\"\n";
			showEnvVarsInLog = 0;
		};
/* End PBXShellScriptBuildPhase section */

/* Begin PBXSourcesBuildPhase section */
		CB4BB7CF20A0DC8E00F756D3 /* Sources */ = {
			isa = PBXSourcesBuildPhase;
			buildActionMask = 2147483647;
			files = (
				CB62238820C031E500690031 /* ActivityCollectionViewCell.swift in Sources */,
				CB765ABF20BF6DBF00912B51 /* ActivityTableViewController.swift in Sources */,
				CB4BB80320A109F100F756D3 /* ResultsTableViewController.swift in Sources */,
				CBF4138620A9CCFF0038340F /* PreferencesCollectionViewController.swift in Sources */,
				CBCE1B9F20BA5A4D0010967E /* SettingsViewController.swift in Sources */,
				CB709D9A20D551BB00EA7C81 /* ActivityDateTimeTableViewCell.swift in Sources */,
				CB57BD9D20ACA354004FEE89 /* Router.swift in Sources */,
				CB57BDA820B50530004FEE89 /* UserPreferences.swift in Sources */,
				CB57BD9920AC943A004FEE89 /* SectionHeaderCell.swift in Sources */,
				CB4BB7D920A0DC8E00F756D3 /* HomeTableViewController.swift in Sources */,
				CB4BB7D720A0DC8E00F756D3 /* AppDelegate.swift in Sources */,
				CB4BB7FD20A1099600F756D3 /* LoginViewController.swift in Sources */,
				CBF4138D20A9D4160038340F /* User.swift in Sources */,
				CBCE1B9D20B91CB50010967E /* GroupTableViewCell.swift in Sources */,
				CB709D9620D5519000EA7C81 /* ActivityImageTableViewCell.swift in Sources */,
				CBF4139320A9D71B0038340F /* AppLaunchViewController.swift in Sources */,
				CBF413A520AC82280038340F /* Trip.swift in Sources */,
				CB765ABB20BF6D8400912B51 /* TripViewController.swift in Sources */,
				CBF4137620A4BFBC0038340F /* NextButtonCell.swift in Sources */,
				CB57BDA320ADE877004FEE89 /* UserDefaults+FirstLaunch.swift in Sources */,
				CB709DC320D5799D00EA7C81 /* TripStub.swift in Sources */,
				CB709D8E20D0874D00EA7C81 /* TripHeaderCell.swift in Sources */,
				CBCE1B9B20B9162C0010967E /* GroupTableViewController.swift in Sources */,
				CBCE1B9820B7D5A40010967E /* Constants.swift in Sources */,
				CB709DC520D5875500EA7C81 /* HomeTableViewController+FirebaseSubscription.swift in Sources */,
				CB709DC920D5C4DC00EA7C81 /* ProfileImageView.swift in Sources */,
				CB709D9E20D551DA00EA7C81 /* ActivityMapsTableViewCell.swift in Sources */,
				CBF4136B20A490160038340F /* NavigationHelper.swift in Sources */,
				CB709DC720D58F4900EA7C81 /* NoSavedTripsCell.swift in Sources */,
				CB4BB7F420A1042B00F756D3 /* CreateTripCell.swift in Sources */,
				CB4BB80A20A10A6800F756D3 /* ActivityCell.swift in Sources */,
				CBF4137020A49A6A0038340F /* SearchTeamCell.swift in Sources */,
				CBCE1BA320BB17A80010967E /* TripRequest.swift in Sources */,
				CB4BB81320A207EF00F756D3 /* Theme.swift in Sources */,
				CB4BB7FF20A109AC00F756D3 /* EmailLoginViewController.swift in Sources */,
				CB765ABD20BF6DA300912B51 /* ItineraryTableViewController.swift in Sources */,
				CB57BD9B20AC97DA004FEE89 /* MoreCell.swift in Sources */,
				CB57BD9F20ACA36C004FEE89 /* AwayGameAPI.swift in Sources */,
				CBF4137820A5ED500038340F /* Event.swift in Sources */,
				CB709D9020D0903C00EA7C81 /* TicketmasterImage.swift in Sources */,
				CB4BB7F220A0F5DA00F756D3 /* Activity.swift in Sources */,
				CB4BB7F620A1046900F756D3 /* SavedTripCell.swift in Sources */,
				CBF4138220A9CCBC0038340F /* PreferenceCollectionCell.swift in Sources */,
				CB4BB80120A109D600F756D3 /* SearchViewController.swift in Sources */,
				CB4BB7F020A0F5B100F756D3 /* Itinerary.swift in Sources */,
				CBADC0B920BE6727007A7A95 /* NextButtonCollectionCell.swift in Sources */,
				CB20DD7720D878420028AA4B /* EmailSignupViewController.swift in Sources */,
				CB709D9820D551A000EA7C81 /* ActivityDescriptionTableViewCell.swift in Sources */,
				CB8A9A4520C8C88D00A9E354 /* Review.swift in Sources */,
				CBF4137F20A5F2120038340F /* ResultsCell.swift in Sources */,
				FE8E69D120B5D5FD00BCED6A /* FirebaseSubscription.swift in Sources */,
				CB709D9C20D551CB00EA7C81 /* ActivityRatingTableViewCell.swift in Sources */,
				AF035E0B20DA994F00DA9C95 /* PreferenceHeaderCell.swift in Sources */,
			);
			runOnlyForDeploymentPostprocessing = 0;
		};
/* End PBXSourcesBuildPhase section */

/* Begin PBXVariantGroup section */
		CB4BB7DF20A0DC8E00F756D3 /* LaunchScreen.storyboard */ = {
			isa = PBXVariantGroup;
			children = (
				CB4BB7E020A0DC8E00F756D3 /* Base */,
			);
			name = LaunchScreen.storyboard;
			sourceTree = "<group>";
		};
/* End PBXVariantGroup section */

/* Begin XCBuildConfiguration section */
		CB4BB7E320A0DC8E00F756D3 /* Debug */ = {
			isa = XCBuildConfiguration;
			buildSettings = {
				ALWAYS_SEARCH_USER_PATHS = NO;
				CLANG_ANALYZER_NONNULL = YES;
				CLANG_ANALYZER_NUMBER_OBJECT_CONVERSION = YES_AGGRESSIVE;
				CLANG_CXX_LANGUAGE_STANDARD = "gnu++14";
				CLANG_CXX_LIBRARY = "libc++";
				CLANG_ENABLE_MODULES = YES;
				CLANG_ENABLE_OBJC_ARC = YES;
				CLANG_WARN_BLOCK_CAPTURE_AUTORELEASING = YES;
				CLANG_WARN_BOOL_CONVERSION = YES;
				CLANG_WARN_COMMA = YES;
				CLANG_WARN_CONSTANT_CONVERSION = YES;
				CLANG_WARN_DIRECT_OBJC_ISA_USAGE = YES_ERROR;
				CLANG_WARN_DOCUMENTATION_COMMENTS = YES;
				CLANG_WARN_EMPTY_BODY = YES;
				CLANG_WARN_ENUM_CONVERSION = YES;
				CLANG_WARN_INFINITE_RECURSION = YES;
				CLANG_WARN_INT_CONVERSION = YES;
				CLANG_WARN_NON_LITERAL_NULL_CONVERSION = YES;
				CLANG_WARN_OBJC_LITERAL_CONVERSION = YES;
				CLANG_WARN_OBJC_ROOT_CLASS = YES_ERROR;
				CLANG_WARN_RANGE_LOOP_ANALYSIS = YES;
				CLANG_WARN_STRICT_PROTOTYPES = YES;
				CLANG_WARN_SUSPICIOUS_MOVE = YES;
				CLANG_WARN_UNGUARDED_AVAILABILITY = YES_AGGRESSIVE;
				CLANG_WARN_UNREACHABLE_CODE = YES;
				CLANG_WARN__DUPLICATE_METHOD_MATCH = YES;
				CODE_SIGN_IDENTITY = "iPhone Developer";
				COPY_PHASE_STRIP = NO;
				DEBUG_INFORMATION_FORMAT = dwarf;
				ENABLE_STRICT_OBJC_MSGSEND = YES;
				ENABLE_TESTABILITY = YES;
				GCC_C_LANGUAGE_STANDARD = gnu11;
				GCC_DYNAMIC_NO_PIC = NO;
				GCC_NO_COMMON_BLOCKS = YES;
				GCC_OPTIMIZATION_LEVEL = 0;
				GCC_PREPROCESSOR_DEFINITIONS = (
					"DEBUG=1",
					"$(inherited)",
				);
				GCC_WARN_64_TO_32_BIT_CONVERSION = YES;
				GCC_WARN_ABOUT_RETURN_TYPE = YES_ERROR;
				GCC_WARN_UNDECLARED_SELECTOR = YES;
				GCC_WARN_UNINITIALIZED_AUTOS = YES_AGGRESSIVE;
				GCC_WARN_UNUSED_FUNCTION = YES;
				GCC_WARN_UNUSED_VARIABLE = YES;
				IPHONEOS_DEPLOYMENT_TARGET = 11.2;
				MTL_ENABLE_DEBUG_INFO = YES;
				ONLY_ACTIVE_ARCH = YES;
				SDKROOT = iphoneos;
				SWIFT_ACTIVE_COMPILATION_CONDITIONS = DEBUG;
				SWIFT_OPTIMIZATION_LEVEL = "-Onone";
			};
			name = Debug;
		};
		CB4BB7E420A0DC8E00F756D3 /* Release */ = {
			isa = XCBuildConfiguration;
			buildSettings = {
				ALWAYS_SEARCH_USER_PATHS = NO;
				CLANG_ANALYZER_NONNULL = YES;
				CLANG_ANALYZER_NUMBER_OBJECT_CONVERSION = YES_AGGRESSIVE;
				CLANG_CXX_LANGUAGE_STANDARD = "gnu++14";
				CLANG_CXX_LIBRARY = "libc++";
				CLANG_ENABLE_MODULES = YES;
				CLANG_ENABLE_OBJC_ARC = YES;
				CLANG_WARN_BLOCK_CAPTURE_AUTORELEASING = YES;
				CLANG_WARN_BOOL_CONVERSION = YES;
				CLANG_WARN_COMMA = YES;
				CLANG_WARN_CONSTANT_CONVERSION = YES;
				CLANG_WARN_DIRECT_OBJC_ISA_USAGE = YES_ERROR;
				CLANG_WARN_DOCUMENTATION_COMMENTS = YES;
				CLANG_WARN_EMPTY_BODY = YES;
				CLANG_WARN_ENUM_CONVERSION = YES;
				CLANG_WARN_INFINITE_RECURSION = YES;
				CLANG_WARN_INT_CONVERSION = YES;
				CLANG_WARN_NON_LITERAL_NULL_CONVERSION = YES;
				CLANG_WARN_OBJC_LITERAL_CONVERSION = YES;
				CLANG_WARN_OBJC_ROOT_CLASS = YES_ERROR;
				CLANG_WARN_RANGE_LOOP_ANALYSIS = YES;
				CLANG_WARN_STRICT_PROTOTYPES = YES;
				CLANG_WARN_SUSPICIOUS_MOVE = YES;
				CLANG_WARN_UNGUARDED_AVAILABILITY = YES_AGGRESSIVE;
				CLANG_WARN_UNREACHABLE_CODE = YES;
				CLANG_WARN__DUPLICATE_METHOD_MATCH = YES;
				CODE_SIGN_IDENTITY = "iPhone Developer";
				COPY_PHASE_STRIP = NO;
				DEBUG_INFORMATION_FORMAT = "dwarf-with-dsym";
				ENABLE_NS_ASSERTIONS = NO;
				ENABLE_STRICT_OBJC_MSGSEND = YES;
				GCC_C_LANGUAGE_STANDARD = gnu11;
				GCC_NO_COMMON_BLOCKS = YES;
				GCC_WARN_64_TO_32_BIT_CONVERSION = YES;
				GCC_WARN_ABOUT_RETURN_TYPE = YES_ERROR;
				GCC_WARN_UNDECLARED_SELECTOR = YES;
				GCC_WARN_UNINITIALIZED_AUTOS = YES_AGGRESSIVE;
				GCC_WARN_UNUSED_FUNCTION = YES;
				GCC_WARN_UNUSED_VARIABLE = YES;
				IPHONEOS_DEPLOYMENT_TARGET = 11.2;
				MTL_ENABLE_DEBUG_INFO = NO;
				SDKROOT = iphoneos;
				SWIFT_OPTIMIZATION_LEVEL = "-Owholemodule";
				VALIDATE_PRODUCT = YES;
			};
			name = Release;
		};
		CB4BB7E620A0DC8E00F756D3 /* Debug */ = {
			isa = XCBuildConfiguration;
			baseConfigurationReference = BC0FA84464268D0D4AF996AD /* Pods-AwayGame.debug.xcconfig */;
			buildSettings = {
				ASSETCATALOG_COMPILER_APPICON_NAME = AppIcon;
				"CODE_SIGN_IDENTITY[sdk=iphoneos*]" = "iPhone Developer";
				CODE_SIGN_STYLE = Automatic;
				DEVELOPMENT_TEAM = AJ7H86ML8P;
				INFOPLIST_FILE = AwayGame/Info.plist;
				IPHONEOS_DEPLOYMENT_TARGET = 10.0;
				LD_RUNPATH_SEARCH_PATHS = "$(inherited) @executable_path/Frameworks";
				PRODUCT_BUNDLE_IDENTIFIER = "com.awaygame.app-awaygame";
				PRODUCT_NAME = "$(TARGET_NAME)";
				PROVISIONING_PROFILE = "";
				PROVISIONING_PROFILE_SPECIFIER = "";
				SWIFT_VERSION = 4.0;
				TARGETED_DEVICE_FAMILY = "1,2";
			};
			name = Debug;
		};
		CB4BB7E720A0DC8E00F756D3 /* Release */ = {
			isa = XCBuildConfiguration;
			baseConfigurationReference = 28AF8AA9864EEC04093B98D2 /* Pods-AwayGame.release.xcconfig */;
			buildSettings = {
				ASSETCATALOG_COMPILER_APPICON_NAME = AppIcon;
				"CODE_SIGN_IDENTITY[sdk=iphoneos*]" = "iPhone Developer";
				CODE_SIGN_STYLE = Automatic;
				DEVELOPMENT_TEAM = AJ7H86ML8P;
				INFOPLIST_FILE = AwayGame/Info.plist;
				IPHONEOS_DEPLOYMENT_TARGET = 10.0;
				LD_RUNPATH_SEARCH_PATHS = "$(inherited) @executable_path/Frameworks";
				PRODUCT_BUNDLE_IDENTIFIER = "com.awaygame.app-awaygame";
				PRODUCT_NAME = "$(TARGET_NAME)";
				PROVISIONING_PROFILE = "";
				PROVISIONING_PROFILE_SPECIFIER = "";
				SWIFT_VERSION = 4.0;
				TARGETED_DEVICE_FAMILY = "1,2";
			};
			name = Release;
		};
/* End XCBuildConfiguration section */

/* Begin XCConfigurationList section */
		CB4BB7CE20A0DC8E00F756D3 /* Build configuration list for PBXProject "AwayGame" */ = {
			isa = XCConfigurationList;
			buildConfigurations = (
				CB4BB7E320A0DC8E00F756D3 /* Debug */,
				CB4BB7E420A0DC8E00F756D3 /* Release */,
			);
			defaultConfigurationIsVisible = 0;
			defaultConfigurationName = Release;
		};
		CB4BB7E520A0DC8E00F756D3 /* Build configuration list for PBXNativeTarget "AwayGame" */ = {
			isa = XCConfigurationList;
			buildConfigurations = (
				CB4BB7E620A0DC8E00F756D3 /* Debug */,
				CB4BB7E720A0DC8E00F756D3 /* Release */,
			);
			defaultConfigurationIsVisible = 0;
			defaultConfigurationName = Release;
		};
/* End XCConfigurationList section */
	};
	rootObject = CB4BB7CB20A0DC8E00F756D3 /* Project object */;
}
